
Microsoft Visual Studio Solution File, Format Version 12.00
# Visual Studio 2013
VisualStudioVersion = 12.0.21005.1
MinimumVisualStudioVersion = 10.0.40219.1
Project("{FAE04EC0-301F-11D3-BF4B-00C04F79EFBC}") = "Library Managment System.UI", "Library Managment System.UI\Library Managment System.UI.csproj", "{8C9BF8D8-0E21-4974-94F0-9A858F9270FC}"
EndProject
Project("{FAE04EC0-301F-11D3-BF4B-00C04F79EFBC}") = "Library Managment System.Data", "Library Managment System.Data\Library Managment System.Data.csproj", "{4395B45D-B86D-4F1A-8DE5-D72D42A81B32}"
EndProject
Project("{FAE04EC0-301F-11D3-BF4B-00C04F79EFBC}") = "Library Managment System.Entity", "Library Managment System.Entity\Library Managment System.Entity.csproj", "{1E4FD157-15BC-43F6-B092-719191FE661E}"
EndProject
Global
	GlobalSection(SolutionConfigurationPlatforms) = preSolution
		Debug|Any CPU = Debug|Any CPU
		Release|Any CPU = Release|Any CPU
	EndGlobalSection
	GlobalSection(ProjectConfigurationPlatforms) = postSolution
		{8C9BF8D8-0E21-4974-94F0-9A858F9270FC}.Debug|Any CPU.ActiveCfg = Debug|Any CPU
		{8C9BF8D8-0E21-4974-94F0-9A858F9270FC}.Debug|Any CPU.Build.0 = Debug|Any CPU
		{8C9BF8D8-0E21-4974-94F0-9A858F9270FC}.Release|Any CPU.ActiveCfg = Release|Any CPU
		{8C9BF8D8-0E21-4974-94F0-9A858F9270FC}.Release|Any CPU.Build.0 = Release|Any CPU
		{4395B45D-B86D-4F1A-8DE5-D72D42A81B32}.Debug|Any CPU.ActiveCfg = Debug|Any CPU
		{4395B45D-B86D-4F1A-8DE5-D72D42A81B32}.Debug|Any CPU.Build.0 = Debug|Any CPU
		{4395B45D-B86D-4F1A-8DE5-D72D42A81B32}.Release|Any CPU.ActiveCfg = Release|Any CPU
		{4395B45D-B86D-4F1A-8DE5-D72D42A81B32}.Release|Any CPU.Build.0 = Release|Any CPU
		{1E4FD157-15BC-43F6-B092-719191FE661E}.Debug|Any CPU.ActiveCfg = Debug|Any CPU
		{1E4FD157-15BC-43F6-B092-719191FE661E}.Debug|Any CPU.Build.0 = Debug|Any CPU
		{1E4FD157-15BC-43F6-B092-719191FE661E}.Release|Any CPU.ActiveCfg = Release|Any CPU
		{1E4FD157-15BC-43F6-B092-719191FE661E}.Release|Any CPU.Build.0 = Release|Any CPU
	EndGlobalSection
	GlobalSection(SolutionProperties) = preSolution
		HideSolutionNode = FALSE
	EndGlobalSection
EndGlobal
